
Microsoft Visual Studio Solution File, Format Version 12.00
# Visual Studio 15
VisualStudioVersion = 15.0.28307.489
MinimumVisualStudioVersion = 10.0.40219.1
Project("{FAE04EC0-301F-11D3-BF4B-00C04F79EFBC}") = "StringCalculator", "StringCalculator\StringCalculator.csproj", "{D9A203D1-FBD9-43AA-BB14-B4FE10D7E8C6}"
EndProject
Project("{FAE04EC0-301F-11D3-BF4B-00C04F79EFBC}") = "StringCalculatorTest", "StringCalculatorTest\StringCalculatorTest.csproj", "{FED7BA39-7D70-46D6-B1A7-D618C18E776B}"
EndProject
Global
	GlobalSection(SolutionConfigurationPlatforms) = preSolution
		Debug|Any CPU = Debug|Any CPU
		Release|Any CPU = Release|Any CPU
	EndGlobalSection
	GlobalSection(ProjectConfigurationPlatforms) = postSolution
		{D9A203D1-FBD9-43AA-BB14-B4FE10D7E8C6}.Debug|Any CPU.ActiveCfg = Debug|Any CPU
		{D9A203D1-FBD9-43AA-BB14-B4FE10D7E8C6}.Debug|Any CPU.Build.0 = Debug|Any CPU
		{D9A203D1-FBD9-43AA-BB14-B4FE10D7E8C6}.Release|Any CPU.ActiveCfg = Release|Any CPU
		{D9A203D1-FBD9-43AA-BB14-B4FE10D7E8C6}.Release|Any CPU.Build.0 = Release|Any CPU
		{FED7BA39-7D70-46D6-B1A7-D618C18E776B}.Debug|Any CPU.ActiveCfg = Debug|Any CPU
		{FED7BA39-7D70-46D6-B1A7-D618C18E776B}.Debug|Any CPU.Build.0 = Debug|Any CPU
		{FED7BA39-7D70-46D6-B1A7-D618C18E776B}.Release|Any CPU.ActiveCfg = Release|Any CPU
		{FED7BA39-7D70-46D6-B1A7-D618C18E776B}.Release|Any CPU.Build.0 = Release|Any CPU
	EndGlobalSection
	GlobalSection(SolutionProperties) = preSolution
		HideSolutionNode = FALSE
	EndGlobalSection
	GlobalSection(ExtensibilityGlobals) = postSolution
		SolutionGuid = {2DBFCBB1-B28F-4C7B-8E4A-F9B6E9101B82}
	EndGlobalSection
EndGlobal
